
Microsoft Visual Studio Solution File, Format Version 12.00
# Visual Studio 15
VisualStudioVersion = 15.0.28307.902
MinimumVisualStudioVersion = 10.0.40219.1
Project("{8BC9CEB8-8B4A-11D0-8D11-00A0C91BC942}") = "wmi_basic", "wmi_basic\wmi_basic.vcxproj", "{CD36B1A1-8824-493E-AE3D-1B554A61F144}"
EndProject
Global
	GlobalSection(SolutionConfigurationPlatforms) = preSolution
		Debug|x64 = Debug|x64
		Debug|x86 = Debug|x86
		Release|x64 = Release|x64
		Release|x86 = Release|x86
	EndGlobalSection
	GlobalSection(ProjectConfigurationPlatforms) = postSolution
		{CD36B1A1-8824-493E-AE3D-1B554A61F144}.Debug|x64.ActiveCfg = Debug|x64
		{CD36B1A1-8824-493E-AE3D-1B554A61F144}.Debug|x64.Build.0 = Debug|x64
		{CD36B1A1-8824-493E-AE3D-1B554A61F144}.Debug|x86.ActiveCfg = Debug|Win32
		{CD36B1A1-8824-493E-AE3D-1B554A61F144}.Debug|x86.Build.0 = Debug|Win32
		{CD36B1A1-8824-493E-AE3D-1B554A61F144}.Release|x64.ActiveCfg = Release|x64
		{CD36B1A1-8824-493E-AE3D-1B554A61F144}.Release|x64.Build.0 = Release|x64
		{CD36B1A1-8824-493E-AE3D-1B554A61F144}.Release|x86.ActiveCfg = Release|Win32
		{CD36B1A1-8824-493E-AE3D-1B554A61F144}.Release|x86.Build.0 = Release|Win32
	EndGlobalSection
	GlobalSection(SolutionProperties) = preSolution
		HideSolutionNode = FALSE
	EndGlobalSection
	GlobalSection(ExtensibilityGlobals) = postSolution
		SolutionGuid = {B4159BC7-90F3-47BC-9BD3-C434B7CFCA24}
	EndGlobalSection
EndGlobal
